// !$*UTF8*$!
{
	archiveVersion = 1;
	classes = {
	};
	objectVersion = 46;
	objects = {

/* Begin PBXBuildFile section */
		715315CC1BEEC0B200721AEB /* AppDelegate.swift in Sources */ = {isa = PBXBuildFile; fileRef = 715315CB1BEEC0B200721AEB /* AppDelegate.swift */; };
		715315CE1BEEC0B200721AEB /* ViewController.swift in Sources */ = {isa = PBXBuildFile; fileRef = 715315CD1BEEC0B200721AEB /* ViewController.swift */; };
		715315D11BEEC0B200721AEB /* Main.storyboard in Resources */ = {isa = PBXBuildFile; fileRef = 715315CF1BEEC0B200721AEB /* Main.storyboard */; };
		715315D31BEEC0B200721AEB /* Assets.xcassets in Resources */ = {isa = PBXBuildFile; fileRef = 715315D21BEEC0B200721AEB /* Assets.xcassets */; };
		715315D61BEEC0B200721AEB /* LaunchScreen.storyboard in Resources */ = {isa = PBXBuildFile; fileRef = 715315D41BEEC0B200721AEB /* LaunchScreen.storyboard */; };
/* End PBXBuildFile section */

/* Begin PBXFileReference section */
		715315C81BEEC0B200721AEB /* AWScrollView-Lab.app */ = {isa = PBXFileReference; explicitFileType = wrapper.application; includeInIndex = 0; path = "AWScrollView-Lab.app"; sourceTree = BUILT_PRODUCTS_DIR; };
		715315CB1BEEC0B200721AEB /* AppDelegate.swift */ = {isa = PBXFileReference; lastKnownFileType = sourcecode.swift; path = AppDelegate.swift; sourceTree = "<group>"; };
		715315CD1BEEC0B200721AEB /* ViewController.swift */ = {isa = PBXFileReference; lastKnownFileType = sourcecode.swift; path = ViewController.swift; sourceTree = "<group>"; };
		715315D01BEEC0B200721AEB /* Base */ = {isa = PBXFileReference; lastKnownFileType = file.storyboard; name = Base; path = Base.lproj/Main.storyboard; sourceTree = "<group>"; };
		715315D21BEEC0B200721AEB /* Assets.xcassets */ = {isa = PBXFileReference; lastKnownFileType = folder.assetcatalog; path = Assets.xcassets; sourceTree = "<group>"; };
		715315D51BEEC0B200721AEB /* Base */ = {isa = PBXFileReference; lastKnownFileType = file.storyboard; name = Base; path = Base.lproj/LaunchScreen.storyboard; sourceTree = "<group>"; };
		715315D71BEEC0B200721AEB /* Info.plist */ = {isa = PBXFileReference; lastKnownFileType = text.plist.xml; path = Info.plist; sourceTree = "<group>"; };
/* End PBXFileReference section */

/* Begin PBXFrameworksBuildPhase section */
		715315C51BEEC0B200721AEB /* Frameworks */ = {
			isa = PBXFrameworksBuildPhase;
			buildActionMask = 2147483647;
			files = (
			);
			runOnlyForDeploymentPostprocessing = 0;
		};
/* End PBXFrameworksBuildPhase section */

/* Begin PBXGroup section */
		715315BF1BEEC0B200721AEB = {
			isa = PBXGroup;
			children = (
				715315CA1BEEC0B200721AEB /* AWScrollView-Lab */,
				715315C91BEEC0B200721AEB /* Products */,
			);
			sourceTree = "<group>";
		};
		715315C91BEEC0B200721AEB /* Products */ = {
			isa = PBXGroup;
			children = (
				715315C81BEEC0B200721AEB /* AWScrollView-Lab.app */,
			);
			name = Products;
			sourceTree = "<group>";
		};
		715315CA1BEEC0B200721AEB /* AWScrollView-Lab */ = {
			isa = PBXGroup;
			children = (
				715315CB1BEEC0B200721AEB /* AppDelegate.swift */,
				715315CD1BEEC0B200721AEB /* ViewController.swift */,
				715315CF1BEEC0B200721AEB /* Main.storyboard */,
				715315D21BEEC0B200721AEB /* Assets.xcassets */,
				715315D41BEEC0B200721AEB /* LaunchScreen.storyboard */,
				715315D71BEEC0B200721AEB /* Info.plist */,
			);
			path = "AWScrollView-Lab";
			sourceTree = "<group>";
		};
/* End PBXGroup section */

/* Begin PBXNativeTarget section */
		715315C71BEEC0B200721AEB /* AWScrollView-Lab */ = {
			isa = PBXNativeTarget;
			buildConfigurationList = 715315DA1BEEC0B200721AEB /* Build configuration list for PBXNativeTarget "AWScrollView-Lab" */;
			buildPhases = (
				715315C41BEEC0B200721AEB /* Sources */,
				715315C51BEEC0B200721AEB /* Frameworks */,
				715315C61BEEC0B200721AEB /* Resources */,
			);
			buildRules = (
			);
			dependencies = (
			);
			name = "AWScrollView-Lab";
			productName = "AWScrollView-Lab";
			productReference = 715315C81BEEC0B200721AEB /* AWScrollView-Lab.app */;
			productType = "com.apple.product-type.application";
		};
/* End PBXNativeTarget section */

/* Begin PBXProject section */
		715315C01BEEC0B200721AEB /* Project object */ = {
			isa = PBXProject;
			attributes = {
				LastSwiftUpdateCheck = 0710;
				LastUpgradeCheck = 0710;
				ORGANIZATIONNAME = "Alex Ling";
				TargetAttributes = {
					715315C71BEEC0B200721AEB = {
						CreatedOnToolsVersion = 7.1;
					};
				};
			};
			buildConfigurationList = 715315C31BEEC0B200721AEB /* Build configuration list for PBXProject "AWScrollView-Lab" */;
			compatibilityVersion = "Xcode 3.2";
			developmentRegion = English;
			hasScannedForEncodings = 0;
			knownRegions = (
				en,
				Base,
			);
			mainGroup = 715315BF1BEEC0B200721AEB;
			productRefGroup = 715315C91BEEC0B200721AEB /* Products */;
			projectDirPath = "";
			projectRoot = "";
			targets = (
				715315C71BEEC0B200721AEB /* AWScrollView-Lab */,
			);
		};
/* End PBXProject section */

/* Begin PBXResourcesBuildPhase section */
		715315C61BEEC0B200721AEB /* Resources */ = {
			isa = PBXResourcesBuildPhase;
			buildActionMask = 2147483647;
			files = (
				715315D61BEEC0B200721AEB /* LaunchScreen.storyboard in Resources */,
				715315D31BEEC0B200721AEB /* Assets.xcassets in Resources */,
				715315D11BEEC0B200721AEB /* Main.storyboard in Resources */,
			);
			runOnlyForDeploymentPostprocessing = 0;
		};
/* End PBXResourcesBuildPhase section */

/* Begin PBXSourcesBuildPhase section */
		715315C41BEEC0B200721AEB /* Sources */ = {
			isa = PBXSourcesBuildPhase;
			buildActionMask = 2147483647;
			files = (
				715315CE1BEEC0B200721AEB /* ViewController.swift in Sources */,
				715315CC1BEEC0B200721AEB /* AppDelegate.swift in Sources */,
			);
			runOnlyForDeploymentPostprocessing = 0;
		};
/* End PBXSourcesBuildPhase section */

/* Begin PBXVariantGroup section */
		715315CF1BEEC0B200721AEB /* Main.storyboard */ = {
			isa = PBXVariantGroup;
			children = (
				715315D01BEEC0B200721AEB /* Base */,
			);
			name = Main.storyboard;
			sourceTree = "<group>";
		};
		715315D41BEEC0B200721AEB /* LaunchScreen.storyboard */ = {
			isa = PBXVariantGroup;
			children = (
				715315D51BEEC0B200721AEB /* Base */,
			);
			name = LaunchScreen.storyboard;
			sourceTree = "<group>";
		};
/* End PBXVariantGroup section */

/* Begin XCBuildConfiguration section */
		715315D81BEEC0B200721AEB /* Debug */ = {
			isa = XCBuildConfiguration;
			buildSettings = {
				ALWAYS_SEARCH_USER_PATHS = NO;
				CLANG_CXX_LANGUAGE_STANDARD = "gnu++0x";
				CLANG_CXX_LIBRARY = "libc++";
				CLANG_ENABLE_MODULES = YES;
				CLANG_ENABLE_OBJC_ARC = YES;
				CLANG_WARN_BOOL_CONVERSION = YES;
				CLANG_WARN_CONSTANT_CONVERSION = YES;
				CLANG_WARN_DIRECT_OBJC_ISA_USAGE = YES_ERROR;
				CLANG_WARN_EMPTY_BODY = YES;
				CLANG_WARN_ENUM_CONVERSION = YES;
				CLANG_WARN_INT_CONVERSION = YES;
				CLANG_WARN_OBJC_ROOT_CLASS = YES_ERROR;
				CLANG_WARN_UNREACHABLE_CODE = YES;
				CLANG_WARN__DUPLICATE_METHOD_MATCH = YES;
				"CODE_SIGN_IDENTITY[sdk=iphoneos*]" = "iPhone Developer";
				COPY_PHASE_STRIP = NO;
				DEBUG_INFORMATION_FORMAT = dwarf;
				ENABLE_STRICT_OBJC_MSGSEND = YES;
				ENABLE_TESTABILITY = YES;
				GCC_C_LANGUAGE_STANDARD = gnu99;
				GCC_DYNAMIC_NO_PIC = NO;
				GCC_NO_COMMON_BLOCKS = YES;
				GCC_OPTIMIZATION_LEVEL = 0;
				GCC_PREPROCESSOR_DEFINITIONS = (
					"DEBUG=1",
					"$(inherited)",
				);
				GCC_WARN_64_TO_32_BIT_CONVERSION = YES;
				GCC_WARN_ABOUT_RETURN_TYPE = YES_ERROR;
				GCC_WARN_UNDECLARED_SELECTOR = YES;
				GCC_WARN_UNINITIALIZED_AUTOS = YES_AGGRESSIVE;
				GCC_WARN_UNUSED_FUNCTION = YES;
				GCC_WARN_UNUSED_VARIABLE = YES;
				IPHONEOS_DEPLOYMENT_TARGET = 9.1;
				MTL_ENABLE_DEBUG_INFO = YES;
				ONLY_ACTIVE_ARCH = YES;
				SDKROOT = iphoneos;
				SWIFT_OPTIMIZATION_LEVEL = "-Onone";
				TARGETED_DEVICE_FAMILY = "1,2";
			};
			name = Debug;
		};
		715315D91BEEC0B200721AEB /* Release */ = {
			isa = XCBuildConfiguration;
			buildSettings = {
				ALWAYS_SEARCH_USER_PATHS = NO;
				CLANG_CXX_LANGUAGE_STANDARD = "gnu++0x";
				CLANG_CXX_LIBRARY = "libc++";
				CLANG_ENABLE_MODULES = YES;
				CLANG_ENABLE_OBJC_ARC = YES;
				CLANG_WARN_BOOL_CONVERSION = YES;
				CLANG_WARN_CONSTANT_CONVERSION = YES;
				CLANG_WARN_DIRECT_OBJC_ISA_USAGE = YES_ERROR;
				CLANG_WARN_EMPTY_BODY = YES;
				CLANG_WARN_ENUM_CONVERSION = YES;
				CLANG_WARN_INT_CONVERSION = YES;
				CLANG_WARN_OBJC_ROOT_CLASS = YES_ERROR;
				CLANG_WARN_UNREACHABLE_CODE = YES;
				CLANG_WARN__DUPLICATE_METHOD_MATCH = YES;
				"CODE_SIGN_IDENTITY[sdk=iphoneos*]" = "iPhone Developer";
				COPY_PHASE_STRIP = NO;
				DEBUG_INFORMATION_FORMAT = "dwarf-with-dsym";
				ENABLE_NS_ASSERTIONS = NO;
				ENABLE_STRICT_OBJC_MSGSEND = YES;
				GCC_C_LANGUAGE_STANDARD = gnu99;
				GCC_NO_COMMON_BLOCKS = YES;
				GCC_WARN_64_TO_32_BIT_CONVERSION = YES;
				GCC_WARN_ABOUT_RETURN_TYPE = YES_ERROR;
				GCC_WARN_UNDECLARED_SELECTOR = YES;
				GCC_WARN_UNINITIALIZED_AUTOS = YES_AGGRESSIVE;
				GCC_WARN_UNUSED_FUNCTION = YES;
				GCC_WARN_UNUSED_VARIABLE = YES;
				IPHONEOS_DEPLOYMENT_TARGET = 9.1;
				MTL_ENABLE_DEBUG_INFO = NO;
				SDKROOT = iphoneos;
				TARGETED_DEVICE_FAMILY = "1,2";
				VALIDATE_PRODUCT = YES;
			};
			name = Release;
		};
		715315DB1BEEC0B200721AEB /* Debug */ = {
			isa = XCBuildConfiguration;
			buildSettings = {
				ASSETCATALOG_COMPILER_APPICON_NAME = AppIcon;
				INFOPLIST_FILE = "AWScrollView-Lab/Info.plist";
				LD_RUNPATH_SEARCH_PATHS = "$(inherited) @executable_path/Frameworks";
				PRODUCT_BUNDLE_IDENTIFIER = "hkalexling.AWScrollView-Lab";
				PRODUCT_NAME = "$(TARGET_NAME)";
			};
			name = Debug;
		};
		715315DC1BEEC0B200721AEB /* Release */ = {
			isa = XCBuildConfiguration;
			buildSettings = {
				ASSETCATALOG_COMPILER_APPICON_NAME = AppIcon;
				INFOPLIST_FILE = "AWScrollView-Lab/Info.plist";
				LD_RUNPATH_SEARCH_PATHS = "$(inherited) @executable_path/Frameworks";
				PRODUCT_BUNDLE_IDENTIFIER = "hkalexling.AWScrollView-Lab";
				PRODUCT_NAME = "$(TARGET_NAME)";
			};
			name = Release;
		};
/* End XCBuildConfiguration section */

/* Begin XCConfigurationList section */
		715315C31BEEC0B200721AEB /* Build configuration list for PBXProject "AWScrollView-Lab" */ = {
			isa = XCConfigurationList;
			buildConfigurations = (
				715315D81BEEC0B200721AEB /* Debug */,
				715315D91BEEC0B200721AEB /* Release */,
			);
			defaultConfigurationIsVisible = 0;
			defaultConfigurationName = Release;
		};
		715315DA1BEEC0B200721AEB /* Build configuration list for PBXNativeTarget "AWScrollView-Lab" */ = {
			isa = XCConfigurationList;
			buildConfigurations = (
				715315DB1BEEC0B200721AEB /* Debug */,
				715315DC1BEEC0B200721AEB /* Release */,
			);
			defaultConfigurationIsVisible = 0;
		};
/* End XCConfigurationList section */
	};
	rootObject = 715315C01BEEC0B200721AEB /* Project object */;
}
